// !$*UTF8*$!
{
	archiveVersion = 1;
	classes = {
	};
	objectVersion = 46;
	objects = {

/* Begin PBXBuildFile section */
		5B41E10B1D58FB94007E3BA4 /* APIController.m in Sources */ = {isa = PBXBuildFile; fileRef = 5B41E10A1D58FB94007E3BA4 /* APIController.m */; };
		5B41E10E1D590DA1007E3BA4 /* SearchViewController.m in Sources */ = {isa = PBXBuildFile; fileRef = 5B41E10D1D590DA1007E3BA4 /* SearchViewController.m */; };
		5BDF8A8A1D46CF1D00D4CBE6 /* main.m in Sources */ = {isa = PBXBuildFile; fileRef = 5BDF8A891D46CF1D00D4CBE6 /* main.m */; };
		5BDF8A8D1D46CF1E00D4CBE6 /* AppDelegate.m in Sources */ = {isa = PBXBuildFile; fileRef = 5BDF8A8C1D46CF1E00D4CBE6 /* AppDelegate.m */; };
		5BDF8A931D46CF1E00D4CBE6 /* Main.storyboard in Resources */ = {isa = PBXBuildFile; fileRef = 5BDF8A911D46CF1E00D4CBE6 /* Main.storyboard */; };
		5BDF8A951D46CF1E00D4CBE6 /* Assets.xcassets in Resources */ = {isa = PBXBuildFile; fileRef = 5BDF8A941D46CF1E00D4CBE6 /* Assets.xcassets */; };
		5BDF8A981D46CF1E00D4CBE6 /* LaunchScreen.storyboard in Resources */ = {isa = PBXBuildFile; fileRef = 5BDF8A961D46CF1E00D4CBE6 /* LaunchScreen.storyboard */; };
		5BDF8AA11D46D80500D4CBE6 /* HeroDetailViewController.m in Sources */ = {isa = PBXBuildFile; fileRef = 5BDF8AA01D46D80500D4CBE6 /* HeroDetailViewController.m */; };
		5BDF8AA31D46E55400D4CBE6 /* heroes.json in Resources */ = {isa = PBXBuildFile; fileRef = 5BDF8AA21D46E55400D4CBE6 /* heroes.json */; };
		5BDF8AA91D46EC4300D4CBE6 /* HeroTableViewController.m in Sources */ = {isa = PBXBuildFile; fileRef = 5BDF8AA81D46EC4300D4CBE6 /* HeroTableViewController.m */; };
		5BDF8AAC1D46F34500D4CBE6 /* HeroDetail.m in Sources */ = {isa = PBXBuildFile; fileRef = 5BDF8AAB1D46F34500D4CBE6 /* HeroDetail.m */; };
/* End PBXBuildFile section */

/* Begin PBXFileReference section */
		5B41E1091D58FB86007E3BA4 /* APIController.h */ = {isa = PBXFileReference; lastKnownFileType = sourcecode.c.h; path = APIController.h; sourceTree = "<group>"; };
		5B41E10A1D58FB94007E3BA4 /* APIController.m */ = {isa = PBXFileReference; fileEncoding = 4; lastKnownFileType = sourcecode.c.objc; path = APIController.m; sourceTree = "<group>"; };
		5B41E10C1D590DA1007E3BA4 /* SearchViewController.h */ = {isa = PBXFileReference; fileEncoding = 4; lastKnownFileType = sourcecode.c.h; path = SearchViewController.h; sourceTree = "<group>"; };
		5B41E10D1D590DA1007E3BA4 /* SearchViewController.m */ = {isa = PBXFileReference; fileEncoding = 4; lastKnownFileType = sourcecode.c.objc; path = SearchViewController.m; sourceTree = "<group>"; };
		5BDF8A851D46CF1D00D4CBE6 /* HeroTracker.app */ = {isa = PBXFileReference; explicitFileType = wrapper.application; includeInIndex = 0; path = HeroTracker.app; sourceTree = BUILT_PRODUCTS_DIR; };
		5BDF8A891D46CF1D00D4CBE6 /* main.m */ = {isa = PBXFileReference; lastKnownFileType = sourcecode.c.objc; path = main.m; sourceTree = "<group>"; };
		5BDF8A8B1D46CF1D00D4CBE6 /* AppDelegate.h */ = {isa = PBXFileReference; lastKnownFileType = sourcecode.c.h; path = AppDelegate.h; sourceTree = "<group>"; };
		5BDF8A8C1D46CF1E00D4CBE6 /* AppDelegate.m */ = {isa = PBXFileReference; lastKnownFileType = sourcecode.c.objc; path = AppDelegate.m; sourceTree = "<group>"; };
		5BDF8A921D46CF1E00D4CBE6 /* Base */ = {isa = PBXFileReference; lastKnownFileType = file.storyboard; name = Base; path = Base.lproj/Main.storyboard; sourceTree = "<group>"; };
		5BDF8A941D46CF1E00D4CBE6 /* Assets.xcassets */ = {isa = PBXFileReference; lastKnownFileType = folder.assetcatalog; path = Assets.xcassets; sourceTree = "<group>"; };
		5BDF8A971D46CF1E00D4CBE6 /* Base */ = {isa = PBXFileReference; lastKnownFileType = file.storyboard; name = Base; path = Base.lproj/LaunchScreen.storyboard; sourceTree = "<group>"; };
		5BDF8A991D46CF1E00D4CBE6 /* Info.plist */ = {isa = PBXFileReference; lastKnownFileType = text.plist.xml; path = Info.plist; sourceTree = "<group>"; };
		5BDF8A9F1D46D80500D4CBE6 /* HeroDetailViewController.h */ = {isa = PBXFileReference; fileEncoding = 4; lastKnownFileType = sourcecode.c.h; path = HeroDetailViewController.h; sourceTree = "<group>"; };
		5BDF8AA01D46D80500D4CBE6 /* HeroDetailViewController.m */ = {isa = PBXFileReference; fileEncoding = 4; lastKnownFileType = sourcecode.c.objc; path = HeroDetailViewController.m; sourceTree = "<group>"; };
		5BDF8AA21D46E55400D4CBE6 /* heroes.json */ = {isa = PBXFileReference; fileEncoding = 4; lastKnownFileType = text.json; path = heroes.json; sourceTree = "<group>"; };
		5BDF8AA71D46EC4300D4CBE6 /* HeroTableViewController.h */ = {isa = PBXFileReference; fileEncoding = 4; lastKnownFileType = sourcecode.c.h; name = HeroTableViewController.h; path = ../HeroTableViewController.h; sourceTree = "<group>"; };
		5BDF8AA81D46EC4300D4CBE6 /* HeroTableViewController.m */ = {isa = PBXFileReference; fileEncoding = 4; lastKnownFileType = sourcecode.c.objc; name = HeroTableViewController.m; path = ../HeroTableViewController.m; sourceTree = "<group>"; };
		5BDF8AAA1D46F34500D4CBE6 /* HeroDetail.h */ = {isa = PBXFileReference; fileEncoding = 4; lastKnownFileType = sourcecode.c.h; path = HeroDetail.h; sourceTree = "<group>"; };
		5BDF8AAB1D46F34500D4CBE6 /* HeroDetail.m */ = {isa = PBXFileReference; fileEncoding = 4; lastKnownFileType = sourcecode.c.objc; path = HeroDetail.m; sourceTree = "<group>"; };
/* End PBXFileReference section */

/* Begin PBXFrameworksBuildPhase section */
		5BDF8A821D46CF1D00D4CBE6 /* Frameworks */ = {
			isa = PBXFrameworksBuildPhase;
			buildActionMask = 2147483647;
			files = (
			);
			runOnlyForDeploymentPostprocessing = 0;
		};
/* End PBXFrameworksBuildPhase section */

/* Begin PBXGroup section */
		5BDF8A7C1D46CF1D00D4CBE6 = {
			isa = PBXGroup;
			children = (
				5BDF8A871D46CF1D00D4CBE6 /* HeroTracker */,
				5BDF8A861D46CF1D00D4CBE6 /* Products */,
			);
			sourceTree = "<group>";
		};
		5BDF8A861D46CF1D00D4CBE6 /* Products */ = {
			isa = PBXGroup;
			children = (
				5BDF8A851D46CF1D00D4CBE6 /* HeroTracker.app */,
			);
			name = Products;
			sourceTree = "<group>";
		};
		5BDF8A871D46CF1D00D4CBE6 /* HeroTracker */ = {
			isa = PBXGroup;
			children = (
				5BDF8AA21D46E55400D4CBE6 /* heroes.json */,
				5BDF8A8B1D46CF1D00D4CBE6 /* AppDelegate.h */,
				5BDF8A8C1D46CF1E00D4CBE6 /* AppDelegate.m */,
				5BDF8AA71D46EC4300D4CBE6 /* HeroTableViewController.h */,
				5BDF8AA81D46EC4300D4CBE6 /* HeroTableViewController.m */,
				5BDF8AAA1D46F34500D4CBE6 /* HeroDetail.h */,
				5BDF8AAB1D46F34500D4CBE6 /* HeroDetail.m */,
				5BDF8A9F1D46D80500D4CBE6 /* HeroDetailViewController.h */,
				5BDF8AA01D46D80500D4CBE6 /* HeroDetailViewController.m */,
				5B41E10C1D590DA1007E3BA4 /* SearchViewController.h */,
				5B41E10D1D590DA1007E3BA4 /* SearchViewController.m */,
				5B41E1091D58FB86007E3BA4 /* APIController.h */,
				5B41E10A1D58FB94007E3BA4 /* APIController.m */,
				5BDF8A911D46CF1E00D4CBE6 /* Main.storyboard */,
				5BDF8A941D46CF1E00D4CBE6 /* Assets.xcassets */,
				5BDF8A961D46CF1E00D4CBE6 /* LaunchScreen.storyboard */,
				5BDF8A991D46CF1E00D4CBE6 /* Info.plist */,
				5BDF8A881D46CF1D00D4CBE6 /* Supporting Files */,
			);
			path = HeroTracker;
			sourceTree = "<group>";
		};
		5BDF8A881D46CF1D00D4CBE6 /* Supporting Files */ = {
			isa = PBXGroup;
			children = (
				5BDF8A891D46CF1D00D4CBE6 /* main.m */,
			);
			name = "Supporting Files";
			sourceTree = "<group>";
		};
/* End PBXGroup section */

/* Begin PBXNativeTarget section */
		5BDF8A841D46CF1D00D4CBE6 /* HeroTracker */ = {
			isa = PBXNativeTarget;
			buildConfigurationList = 5BDF8A9C1D46CF1E00D4CBE6 /* Build configuration list for PBXNativeTarget "HeroTracker" */;
			buildPhases = (
				5BDF8A811D46CF1D00D4CBE6 /* Sources */,
				5BDF8A821D46CF1D00D4CBE6 /* Frameworks */,
				5BDF8A831D46CF1D00D4CBE6 /* Resources */,
			);
			buildRules = (
			);
			dependencies = (
			);
			name = HeroTracker;
			productName = HeroTracker;
			productReference = 5BDF8A851D46CF1D00D4CBE6 /* HeroTracker.app */;
			productType = "com.apple.product-type.application";
		};
/* End PBXNativeTarget section */

/* Begin PBXProject section */
		5BDF8A7D1D46CF1D00D4CBE6 /* Project object */ = {
			isa = PBXProject;
			attributes = {
				LastUpgradeCheck = 0730;
				ORGANIZATIONNAME = "The Iron Yard";
				TargetAttributes = {
					5BDF8A841D46CF1D00D4CBE6 = {
						CreatedOnToolsVersion = 7.3.1;
					};
				};
			};
			buildConfigurationList = 5BDF8A801D46CF1D00D4CBE6 /* Build configuration list for PBXProject "HeroTracker" */;
			compatibilityVersion = "Xcode 3.2";
			developmentRegion = English;
			hasScannedForEncodings = 0;
			knownRegions = (
				en,
				Base,
			);
			mainGroup = 5BDF8A7C1D46CF1D00D4CBE6;
			productRefGroup = 5BDF8A861D46CF1D00D4CBE6 /* Products */;
			projectDirPath = "";
			projectRoot = "";
			targets = (
				5BDF8A841D46CF1D00D4CBE6 /* HeroTracker */,
			);
		};
/* End PBXProject section */

/* Begin PBXResourcesBuildPhase section */
		5BDF8A831D46CF1D00D4CBE6 /* Resources */ = {
			isa = PBXResourcesBuildPhase;
			buildActionMask = 2147483647;
			files = (
				5BDF8A981D46CF1E00D4CBE6 /* LaunchScreen.storyboard in Resources */,
				5BDF8AA31D46E55400D4CBE6 /* heroes.json in Resources */,
				5BDF8A951D46CF1E00D4CBE6 /* Assets.xcassets in Resources */,
				5BDF8A931D46CF1E00D4CBE6 /* Main.storyboard in Resources */,
			);
			runOnlyForDeploymentPostprocessing = 0;
		};
/* End PBXResourcesBuildPhase section */

/* Begin PBXSourcesBuildPhase section */
		5BDF8A811D46CF1D00D4CBE6 /* Sources */ = {
			isa = PBXSourcesBuildPhase;
			buildActionMask = 2147483647;
			files = (
				5B41E10B1D58FB94007E3BA4 /* APIController.m in Sources */,
				5BDF8AAC1D46F34500D4CBE6 /* HeroDetail.m in Sources */,
				5BDF8AA11D46D80500D4CBE6 /* HeroDetailViewController.m in Sources */,
				5BDF8AA91D46EC4300D4CBE6 /* HeroTableViewController.m in Sources */,
				5BDF8A8D1D46CF1E00D4CBE6 /* AppDelegate.m in Sources */,
				5BDF8A8A1D46CF1D00D4CBE6 /* main.m in Sources */,
				5B41E10E1D590DA1007E3BA4 /* SearchViewController.m in Sources */,
			);
			runOnlyForDeploymentPostprocessing = 0;
		};
/* End PBXSourcesBuildPhase section */

/* Begin PBXVariantGroup section */
		5BDF8A911D46CF1E00D4CBE6 /* Main.storyboard */ = {
			isa = PBXVariantGroup;
			children = (
				5BDF8A921D46CF1E00D4CBE6 /* Base */,
			);
			name = Main.storyboard;
			sourceTree = "<group>";
		};
		5BDF8A961D46CF1E00D4CBE6 /* LaunchScreen.storyboard */ = {
			isa = PBXVariantGroup;
			children = (
				5BDF8A971D46CF1E00D4CBE6 /* Base */,
			);
			name = LaunchScreen.storyboard;
			sourceTree = "<group>";
		};
/* End PBXVariantGroup section */

/* Begin XCBuildConfiguration section */
		5BDF8A9A1D46CF1E00D4CBE6 /* Debug */ = {
			isa = XCBuildConfiguration;
			buildSettings = {
				ALWAYS_SEARCH_USER_PATHS = NO;
				CLANG_ANALYZER_NONNULL = YES;
				CLANG_CXX_LANGUAGE_STANDARD = "gnu++0x";
				CLANG_CXX_LIBRARY = "libc++";
				CLANG_ENABLE_MODULES = YES;
				CLANG_ENABLE_OBJC_ARC = YES;
				CLANG_WARN_BOOL_CONVERSION = YES;
				CLANG_WARN_CONSTANT_CONVERSION = YES;
				CLANG_WARN_DIRECT_OBJC_ISA_USAGE = YES_ERROR;
				CLANG_WARN_EMPTY_BODY = YES;
				CLANG_WARN_ENUM_CONVERSION = YES;
				CLANG_WARN_INT_CONVERSION = YES;
				CLANG_WARN_OBJC_ROOT_CLASS = YES_ERROR;
				CLANG_WARN_UNREACHABLE_CODE = YES;
				CLANG_WARN__DUPLICATE_METHOD_MATCH = YES;
				"CODE_SIGN_IDENTITY[sdk=iphoneos*]" = "iPhone Developer";
				COPY_PHASE_STRIP = NO;
				DEBUG_INFORMATION_FORMAT = dwarf;
				ENABLE_STRICT_OBJC_MSGSEND = YES;
				ENABLE_TESTABILITY = YES;
				GCC_C_LANGUAGE_STANDARD = gnu99;
				GCC_DYNAMIC_NO_PIC = NO;
				GCC_NO_COMMON_BLOCKS = YES;
				GCC_OPTIMIZATION_LEVEL = 0;
				GCC_PREPROCESSOR_DEFINITIONS = (
					"DEBUG=1",
					"$(inherited)",
				);
				GCC_WARN_64_TO_32_BIT_CONVERSION = YES;
				GCC_WARN_ABOUT_RETURN_TYPE = YES_ERROR;
				GCC_WARN_UNDECLARED_SELECTOR = YES;
				GCC_WARN_UNINITIALIZED_AUTOS = YES_AGGRESSIVE;
				GCC_WARN_UNUSED_FUNCTION = YES;
				GCC_WARN_UNUSED_VARIABLE = YES;
				IPHONEOS_DEPLOYMENT_TARGET = 9.3;
				MTL_ENABLE_DEBUG_INFO = YES;
				ONLY_ACTIVE_ARCH = YES;
				SDKROOT = iphoneos;
			};
			name = Debug;
		};
		5BDF8A9B1D46CF1E00D4CBE6 /* Release */ = {
			isa = XCBuildConfiguration;
			buildSettings = {
				ALWAYS_SEARCH_USER_PATHS = NO;
				CLANG_ANALYZER_NONNULL = YES;
				CLANG_CXX_LANGUAGE_STANDARD = "gnu++0x";
				CLANG_CXX_LIBRARY = "libc++";
				CLANG_ENABLE_MODULES = YES;
				CLANG_ENABLE_OBJC_ARC = YES;
				CLANG_WARN_BOOL_CONVERSION = YES;
				CLANG_WARN_CONSTANT_CONVERSION = YES;
				CLANG_WARN_DIRECT_OBJC_ISA_USAGE = YES_ERROR;
				CLANG_WARN_EMPTY_BODY = YES;
				CLANG_WARN_ENUM_CONVERSION = YES;
				CLANG_WARN_INT_CONVERSION = YES;
				CLANG_WARN_OBJC_ROOT_CLASS = YES_ERROR;
				CLANG_WARN_UNREACHABLE_CODE = YES;
				CLANG_WARN__DUPLICATE_METHOD_MATCH = YES;
				"CODE_SIGN_IDENTITY[sdk=iphoneos*]" = "iPhone Developer";
				COPY_PHASE_STRIP = NO;
				DEBUG_INFORMATION_FORMAT = "dwarf-with-dsym";
				ENABLE_NS_ASSERTIONS = NO;
				ENABLE_STRICT_OBJC_MSGSEND = YES;
				GCC_C_LANGUAGE_STANDARD = gnu99;
				GCC_NO_COMMON_BLOCKS = YES;
				GCC_WARN_64_TO_32_BIT_CONVERSION = YES;
				GCC_WARN_ABOUT_RETURN_TYPE = YES_ERROR;
				GCC_WARN_UNDECLARED_SELECTOR = YES;
				GCC_WARN_UNINITIALIZED_AUTOS = YES_AGGRESSIVE;
				GCC_WARN_UNUSED_FUNCTION = YES;
				GCC_WARN_UNUSED_VARIABLE = YES;
				IPHONEOS_DEPLOYMENT_TARGET = 9.3;
				MTL_ENABLE_DEBUG_INFO = NO;
				SDKROOT = iphoneos;
				VALIDATE_PRODUCT = YES;
			};
			name = Release;
		};
		5BDF8A9D1D46CF1E00D4CBE6 /* Debug */ = {
			isa = XCBuildConfiguration;
			buildSettings = {
				ASSETCATALOG_COMPILER_APPICON_NAME = AppIcon;
				INFOPLIST_FILE = HeroTracker/Info.plist;
				LD_RUNPATH_SEARCH_PATHS = "$(inherited) @executable_path/Frameworks";
				PRODUCT_BUNDLE_IDENTIFIER = com.tiy.HeroTracker;
				PRODUCT_NAME = "$(TARGET_NAME)";
			};
			name = Debug;
		};
		5BDF8A9E1D46CF1E00D4CBE6 /* Release */ = {
			isa = XCBuildConfiguration;
			buildSettings = {
				ASSETCATALOG_COMPILER_APPICON_NAME = AppIcon;
				INFOPLIST_FILE = HeroTracker/Info.plist;
				LD_RUNPATH_SEARCH_PATHS = "$(inherited) @executable_path/Frameworks";
				PRODUCT_BUNDLE_IDENTIFIER = com.tiy.HeroTracker;
				PRODUCT_NAME = "$(TARGET_NAME)";
			};
			name = Release;
		};
/* End XCBuildConfiguration section */

/* Begin XCConfigurationList section */
		5BDF8A801D46CF1D00D4CBE6 /* Build configuration list for PBXProject "HeroTracker" */ = {
			isa = XCConfigurationList;
			buildConfigurations = (
				5BDF8A9A1D46CF1E00D4CBE6 /* Debug */,
				5BDF8A9B1D46CF1E00D4CBE6 /* Release */,
			);
			defaultConfigurationIsVisible = 0;
			defaultConfigurationName = Release;
		};
		5BDF8A9C1D46CF1E00D4CBE6 /* Build configuration list for PBXNativeTarget "HeroTracker" */ = {
			isa = XCConfigurationList;
			buildConfigurations = (
				5BDF8A9D1D46CF1E00D4CBE6 /* Debug */,
				5BDF8A9E1D46CF1E00D4CBE6 /* Release */,
			);
			defaultConfigurationIsVisible = 0;
			defaultConfigurationName = Release;
		};
/* End XCConfigurationList section */
	};
	rootObject = 5BDF8A7D1D46CF1D00D4CBE6 /* Project object */;
}
